
Microsoft Visual Studio Solution File, Format Version 12.00
# Visual Studio Version 17
VisualStudioVersion = 17.5.002.0
MinimumVisualStudioVersion = 10.0.40219.1
Project("{9A19103F-16F7-4668-BE54-9A1E7A4F7556}") = "webApi", "webApi.csproj", "{CC245A7B-109E-4961-8671-8D15AE6786BD}"
EndProject
Global
	GlobalSection(SolutionConfigurationPlatforms) = preSolution
		Debug|Any CPU = Debug|Any CPU
		Release|Any CPU = Release|Any CPU
	EndGlobalSection
	GlobalSection(ProjectConfigurationPlatforms) = postSolution
		{CC245A7B-109E-4961-8671-8D15AE6786BD}.Debug|Any CPU.ActiveCfg = Debug|Any CPU
		{CC245A7B-109E-4961-8671-8D15AE6786BD}.Debug|Any CPU.Build.0 = Debug|Any CPU
		{CC245A7B-109E-4961-8671-8D15AE6786BD}.Release|Any CPU.ActiveCfg = Release|Any CPU
		{CC245A7B-109E-4961-8671-8D15AE6786BD}.Release|Any CPU.Build.0 = Release|Any CPU
	EndGlobalSection
	GlobalSection(SolutionProperties) = preSolution
		HideSolutionNode = FALSE
	EndGlobalSection
	GlobalSection(ExtensibilityGlobals) = postSolution
		SolutionGuid = {AB7074AB-874F-4BA3-A9A7-18EEEDD6B770}
	EndGlobalSection
EndGlobal
